# THIS IS AN AUTOGENERATED FILE. DO NOT EDIT THIS FILE DIRECTLY.
# yarn lockfile v1


ansi-256-colors@^1.1.0:
  version "1.1.0"
  resolved "https://registry.yarnpkg.com/ansi-256-colors/-/ansi-256-colors-1.1.0.tgz#910de50efcc7c09e3d82f2f87abd6b700c18818a"
  integrity sha1-kQ3lDvzHwJ49gvL4er1rcAwYgYo=

console-png@^1.2.1:
  version "1.2.1"
  resolved "https://registry.yarnpkg.com/console-png/-/console-png-1.2.1.tgz#9329a0a70b15f942855f920b36777559b904ee94"
  integrity sha512-R/y5j2owwSJW4Vi8+qXCkCxVCGwNA82Eo46ukZyM3ArkEU2NYeEwCh38zQE0kjuf+wWL1E3b4+JFcHaLHe1KxA==
  dependencies:
    ansi-256-colors "^1.1.0"
    png.js "^0.1.1"

png.js@^0.1.1:
  version "0.1.1"
  resolved "https://registry.yarnpkg.com/png.js/-/png.js-0.1.1.tgz#bf43f915301cd12134c2d3f473bd80172d2619e9"
  integrity sha1-v0P5FTAc0SE0wtP0c72AFy0mGek=
